// !$*UTF8*$!
{
	archiveVersion = 1;
	classes = {
	};
	objectVersion = 77;
	objects = {

/* Begin PBXBuildFile section */
		F31E23372E4D3B6200DB92D1 /* FSCalendar in Frameworks */ = {isa = PBXBuildFile; productRef = F31E23362E4D3B6200DB92D1 /* FSCalendar */; };
		F31E233A2E4D3B7200DB92D1 /* CropViewController in Frameworks */ = {isa = PBXBuildFile; productRef = F31E23392E4D3B7200DB92D1 /* CropViewController */; };
		F31E233C2E4D3B7200DB92D1 /* TOCropViewController in Frameworks */ = {isa = PBXBuildFile; productRef = F31E233B2E4D3B7200DB92D1 /* TOCropViewController */; };
		F31E233F2E4D3BE000DB92D1 /* FirebaseAnalytics in Frameworks */ = {isa = PBXBuildFile; productRef = F31E233E2E4D3BE000DB92D1 /* FirebaseAnalytics */; };
		F31E23412E4D3BE000DB92D1 /* FirebaseAnalyticsCore in Frameworks */ = {isa = PBXBuildFile; productRef = F31E23402E4D3BE000DB92D1 /* FirebaseAnalyticsCore */; };
		F31E23432E4D3BE000DB92D1 /* FirebaseAuth in Frameworks */ = {isa = PBXBuildFile; productRef = F31E23422E4D3BE000DB92D1 /* FirebaseAuth */; };
		F31E23452E4D3BE000DB92D1 /* FirebaseCore in Frameworks */ = {isa = PBXBuildFile; productRef = F31E23442E4D3BE000DB92D1 /* FirebaseCore */; };
		F31E23472E4D3BE000DB92D1 /* FirebaseDatabase in Frameworks */ = {isa = PBXBuildFile; productRef = F31E23462E4D3BE000DB92D1 /* FirebaseDatabase */; };
		F31E23492E4D3BE000DB92D1 /* FirebaseStorage in Frameworks */ = {isa = PBXBuildFile; productRef = F31E23482E4D3BE000DB92D1 /* FirebaseStorage */; };
		F31E234B2E4D3C8600DB92D1 /* FirebaseFirestore in Frameworks */ = {isa = PBXBuildFile; productRef = F31E234A2E4D3C8600DB92D1 /* FirebaseFirestore */; };
/* End PBXBuildFile section */

/* Begin PBXContainerItemProxy section */
		F3EFB3122E32E667003299B5 /* PBXContainerItemProxy */ = {
			isa = PBXContainerItemProxy;
			containerPortal = F3CBE27C2DEE58D500D5BF2E /* Project object */;
			proxyType = 1;
			remoteGlobalIDString = F3CBE2832DEE58D500D5BF2E;
			remoteInfo = BigDayApp;
		};
/* End PBXContainerItemProxy section */

/* Begin PBXFileReference section */
		F37B2BA22E355B7700F0DAE0 /* BigDayApp.xcodeproj */ = {isa = PBXFileReference; lastKnownFileType = "wrapper.pb-project"; name = BigDayApp.xcodeproj; path = BigDayApp/BigDayApp.xcodeproj; sourceTree = SOURCE_ROOT; };
		F3931BE32E3654CC007D2F2F /* BigDayApp.xcodeproj */ = {isa = PBXFileReference; lastKnownFileType = "wrapper.pb-project"; path = BigDayApp.xcodeproj; sourceTree = "<group>"; };
		F3CBE2842DEE58D500D5BF2E /* BigDayApp.app */ = {isa = PBXFileReference; explicitFileType = wrapper.application; includeInIndex = 0; path = BigDayApp.app; sourceTree = BUILT_PRODUCTS_DIR; };
		F3EFB30E2E32E667003299B5 /* BigDayAppTests.xctest */ = {isa = PBXFileReference; explicitFileType = wrapper.cfbundle; includeInIndex = 0; path = BigDayAppTests.xctest; sourceTree = BUILT_PRODUCTS_DIR; };
/* End PBXFileReference section */

/* Begin PBXFileSystemSynchronizedBuildFileExceptionSet section */
		F3C876D82E42D7F10083F7BF /* Exceptions for "BigDayApp" folder in "BigDayApp" target */ = {
			isa = PBXFileSystemSynchronizedBuildFileExceptionSet;
			membershipExceptions = (
				Info.plist,
			);
			target = F3CBE2832DEE58D500D5BF2E /* BigDayApp */;
		};
/* End PBXFileSystemSynchronizedBuildFileExceptionSet section */

/* Begin PBXFileSystemSynchronizedRootGroup section */
		F3C876952E42D7F10083F7BF /* BigDayApp */ = {
			isa = PBXFileSystemSynchronizedRootGroup;
			exceptions = (
				F3C876D82E42D7F10083F7BF /* Exceptions for "BigDayApp" folder in "BigDayApp" target */,
			);
			path = BigDayApp;
			sourceTree = "<group>";
		};
		F3EFB30F2E32E667003299B5 /* BigDayAppTests */ = {
			isa = PBXFileSystemSynchronizedRootGroup;
			path = BigDayAppTests;
			sourceTree = "<group>";
		};
/* End PBXFileSystemSynchronizedRootGroup section */

/* Begin PBXFrameworksBuildPhase section */
		F3CBE2812DEE58D500D5BF2E /* Frameworks */ = {
			isa = PBXFrameworksBuildPhase;
			buildActionMask = 2147483647;
			files = (
				F31E23372E4D3B6200DB92D1 /* FSCalendar in Frameworks */,
				F31E23432E4D3BE000DB92D1 /* FirebaseAuth in Frameworks */,
				F31E23492E4D3BE000DB92D1 /* FirebaseStorage in Frameworks */,
				F31E234B2E4D3C8600DB92D1 /* FirebaseFirestore in Frameworks */,
				F31E233C2E4D3B7200DB92D1 /* TOCropViewController in Frameworks */,
				F31E23412E4D3BE000DB92D1 /* FirebaseAnalyticsCore in Frameworks */,
				F31E23452E4D3BE000DB92D1 /* FirebaseCore in Frameworks */,
				F31E233F2E4D3BE000DB92D1 /* FirebaseAnalytics in Frameworks */,
				F31E23472E4D3BE000DB92D1 /* FirebaseDatabase in Frameworks */,
				F31E233A2E4D3B7200DB92D1 /* CropViewController in Frameworks */,
			);
			runOnlyForDeploymentPostprocessing = 0;
		};
		F3EFB30B2E32E667003299B5 /* Frameworks */ = {
			isa = PBXFrameworksBuildPhase;
			buildActionMask = 2147483647;
			files = (
			);
			runOnlyForDeploymentPostprocessing = 0;
		};
/* End PBXFrameworksBuildPhase section */

/* Begin PBXGroup section */
		F37B2BA52E355B7700F0DAE0 /* Products */ = {
			isa = PBXGroup;
			children = (
			);
			name = Products;
			sourceTree = "<group>";
		};
		F3931BE82E3654CC007D2F2F /* Products */ = {
			isa = PBXGroup;
			children = (
			);
			name = Products;
			sourceTree = "<group>";
		};
		F3CBE27B2DEE58D500D5BF2E = {
			isa = PBXGroup;
			children = (
				F3CBE2852DEE58D500D5BF2E /* Products */,
				F3EFB30F2E32E667003299B5 /* BigDayAppTests */,
				F3C876952E42D7F10083F7BF /* BigDayApp */,
			);
			sourceTree = "<group>";
		};
		F3CBE2852DEE58D500D5BF2E /* Products */ = {
			isa = PBXGroup;
			children = (
				F3CBE2842DEE58D500D5BF2E /* BigDayApp.app */,
				F3EFB30E2E32E667003299B5 /* BigDayAppTests.xctest */,
			);
			name = Products;
			sourceTree = "<group>";
		};
/* End PBXGroup section */

/* Begin PBXNativeTarget section */
		F3CBE2832DEE58D500D5BF2E /* BigDayApp */ = {
			isa = PBXNativeTarget;
			buildConfigurationList = F3CBE2972DEE58D800D5BF2E /* Build configuration list for PBXNativeTarget "BigDayApp" */;
			buildPhases = (
				F3CBE2802DEE58D500D5BF2E /* Sources */,
				F3CBE2812DEE58D500D5BF2E /* Frameworks */,
				F3CBE2822DEE58D500D5BF2E /* Resources */,
			);
			buildRules = (
			);
			dependencies = (
			);
			fileSystemSynchronizedGroups = (
				F3C876952E42D7F10083F7BF /* BigDayApp */,
			);
			name = BigDayApp;
			packageProductDependencies = (
				F31E23362E4D3B6200DB92D1 /* FSCalendar */,
				F31E23392E4D3B7200DB92D1 /* CropViewController */,
				F31E233B2E4D3B7200DB92D1 /* TOCropViewController */,
				F31E233E2E4D3BE000DB92D1 /* FirebaseAnalytics */,
				F31E23402E4D3BE000DB92D1 /* FirebaseAnalyticsCore */,
				F31E23422E4D3BE000DB92D1 /* FirebaseAuth */,
				F31E23442E4D3BE000DB92D1 /* FirebaseCore */,
				F31E23462E4D3BE000DB92D1 /* FirebaseDatabase */,
				F31E23482E4D3BE000DB92D1 /* FirebaseStorage */,
				F31E234A2E4D3C8600DB92D1 /* FirebaseFirestore */,
			);
			productName = BigDayApp;
			productReference = F3CBE2842DEE58D500D5BF2E /* BigDayApp.app */;
			productType = "com.apple.product-type.application";
		};
		F3EFB30D2E32E667003299B5 /* BigDayAppTests */ = {
			isa = PBXNativeTarget;
			buildConfigurationList = F3EFB3162E32E667003299B5 /* Build configuration list for PBXNativeTarget "BigDayAppTests" */;
			buildPhases = (
				F3EFB30A2E32E667003299B5 /* Sources */,
				F3EFB30B2E32E667003299B5 /* Frameworks */,
				F3EFB30C2E32E667003299B5 /* Resources */,
			);
			buildRules = (
			);
			dependencies = (
				F3EFB3132E32E667003299B5 /* PBXTargetDependency */,
			);
			fileSystemSynchronizedGroups = (
				F3EFB30F2E32E667003299B5 /* BigDayAppTests */,
			);
			name = BigDayAppTests;
			productName = BigDayAppTests;
			productReference = F3EFB30E2E32E667003299B5 /* BigDayAppTests.xctest */;
			productType = "com.apple.product-type.bundle.unit-test";
		};
/* End PBXNativeTarget section */

/* Begin PBXProject section */
		F3CBE27C2DEE58D500D5BF2E /* Project object */ = {
			isa = PBXProject;
			attributes = {
				BuildIndependentTargetsInParallel = 1;
				LastSwiftUpdateCheck = 1640;
				LastUpgradeCheck = 1640;
				TargetAttributes = {
					F3CBE2832DEE58D500D5BF2E = {
						CreatedOnToolsVersion = 16.4;
					};
					F3EFB30D2E32E667003299B5 = {
						CreatedOnToolsVersion = 16.4;
						TestTargetID = F3CBE2832DEE58D500D5BF2E;
					};
				};
			};
			buildConfigurationList = F3CBE27F2DEE58D500D5BF2E /* Build configuration list for PBXProject "BigDayApp" */;
			developmentRegion = en;
			hasScannedForEncodings = 0;
			knownRegions = (
				en,
				Base,
			);
			mainGroup = F3CBE27B2DEE58D500D5BF2E;
			minimizedProjectReferenceProxies = 1;
			packageReferences = (
				F31E23352E4D3B6200DB92D1 /* XCRemoteSwiftPackageReference "FSCalendar" */,
				F31E23382E4D3B7200DB92D1 /* XCRemoteSwiftPackageReference "TOCropViewController" */,
				F31E233D2E4D3BE000DB92D1 /* XCRemoteSwiftPackageReference "firebase-ios-sdk" */,
			);
			preferredProjectObjectVersion = 77;
			productRefGroup = F3CBE2852DEE58D500D5BF2E /* Products */;
			projectDirPath = "";
			projectReferences = (
				{
					ProductGroup = F37B2BA52E355B7700F0DAE0 /* Products */;
					ProjectRef = F37B2BA22E355B7700F0DAE0 /* BigDayApp.xcodeproj */;
				},
				{
					ProductGroup = F3931BE82E3654CC007D2F2F /* Products */;
					ProjectRef = F3931BE32E3654CC007D2F2F /* BigDayApp.xcodeproj */;
				},
			);
			projectRoot = "";
			targets = (
				F3CBE2832DEE58D500D5BF2E /* BigDayApp */,
				F3EFB30D2E32E667003299B5 /* BigDayAppTests */,
			);
		};
/* End PBXProject section */

/* Begin PBXResourcesBuildPhase section */
		F3CBE2822DEE58D500D5BF2E /* Resources */ = {
			isa = PBXResourcesBuildPhase;
			buildActionMask = 2147483647;
			files = (
			);
			runOnlyForDeploymentPostprocessing = 0;
		};
		F3EFB30C2E32E667003299B5 /* Resources */ = {
			isa = PBXResourcesBuildPhase;
			buildActionMask = 2147483647;
			files = (
			);
			runOnlyForDeploymentPostprocessing = 0;
		};
/* End PBXResourcesBuildPhase section */

/* Begin PBXSourcesBuildPhase section */
		F3CBE2802DEE58D500D5BF2E /* Sources */ = {
			isa = PBXSourcesBuildPhase;
			buildActionMask = 2147483647;
			files = (
			);
			runOnlyForDeploymentPostprocessing = 0;
		};
		F3EFB30A2E32E667003299B5 /* Sources */ = {
			isa = PBXSourcesBuildPhase;
			buildActionMask = 2147483647;
			files = (
			);
			runOnlyForDeploymentPostprocessing = 0;
		};
/* End PBXSourcesBuildPhase section */

/* Begin PBXTargetDependency section */
		F3EFB3132E32E667003299B5 /* PBXTargetDependency */ = {
			isa = PBXTargetDependency;
			target = F3CBE2832DEE58D500D5BF2E /* BigDayApp */;
			targetProxy = F3EFB3122E32E667003299B5 /* PBXContainerItemProxy */;
		};
/* End PBXTargetDependency section */

/* Begin XCBuildConfiguration section */
		F3CBE2982DEE58D800D5BF2E /* Debug */ = {
			isa = XCBuildConfiguration;
			buildSettings = {
				ASSETCATALOG_COMPILER_APPICON_NAME = AppIcon;
				ASSETCATALOG_COMPILER_GLOBAL_ACCENT_COLOR_NAME = AccentColor;
				CODE_SIGN_STYLE = Automatic;
				CURRENT_PROJECT_VERSION = 1;
				DEVELOPMENT_TEAM = HUUJ9GFNBF;
				GENERATE_INFOPLIST_FILE = NO;
				INFOPLIST_FILE = "$(SRCROOT)/BigDayApp/Info.plist";
				INFOPLIST_KEY_CFBundleDisplayName = "Big Day";
				INFOPLIST_KEY_LSApplicationCategoryType = "public.app-category.productivity";
				INFOPLIST_KEY_UIApplicationSupportsIndirectInputEvents = YES;
				INFOPLIST_KEY_UILaunchStoryboardName = LaunchScreen;
				INFOPLIST_KEY_UISupportedInterfaceOrientations = UIInterfaceOrientationPortrait;
				INFOPLIST_KEY_UISupportedInterfaceOrientations_iPad = "UIInterfaceOrientationLandscapeLeft UIInterfaceOrientationLandscapeRight UIInterfaceOrientationPortrait UIInterfaceOrientationPortraitUpsideDown";
				IPHONEOS_DEPLOYMENT_TARGET = 16.6;
				LD_RUNPATH_SEARCH_PATHS = (
					"$(inherited)",
					"@executable_path/Frameworks",
				);
				MARKETING_VERSION = 2.0;
				PRODUCT_BUNDLE_IDENTIFIER = com.davy.BigDayApp;
				PRODUCT_NAME = "$(TARGET_NAME)";
				SUPPORTED_PLATFORMS = "iphoneos iphonesimulator";
				SUPPORTS_MACCATALYST = NO;
				SUPPORTS_MAC_DESIGNED_FOR_IPHONE_IPAD = NO;
				SUPPORTS_XR_DESIGNED_FOR_IPHONE_IPAD = NO;
				SWIFT_EMIT_LOC_STRINGS = YES;
				SWIFT_VERSION = 5.0;
				TARGETED_DEVICE_FAMILY = 1;
			};
			name = Debug;
		};
		F3CBE2992DEE58D800D5BF2E /* Release */ = {
			isa = XCBuildConfiguration;
			buildSettings = {
				ASSETCATALOG_COMPILER_APPICON_NAME = AppIcon;
				ASSETCATALOG_COMPILER_GLOBAL_ACCENT_COLOR_NAME = AccentColor;
				CODE_SIGN_STYLE = Automatic;
				CURRENT_PROJECT_VERSION = 1;
				DEVELOPMENT_TEAM = HUUJ9GFNBF;
				GENERATE_INFOPLIST_FILE = NO;
				INFOPLIST_FILE = "$(SRCROOT)/BigDayApp/Info.plist";
				INFOPLIST_KEY_CFBundleDisplayName = "Big Day";
				INFOPLIST_KEY_LSApplicationCategoryType = "public.app-category.productivity";
				INFOPLIST_KEY_UIApplicationSupportsIndirectInputEvents = YES;
				INFOPLIST_KEY_UILaunchStoryboardName = LaunchScreen;
				INFOPLIST_KEY_UISupportedInterfaceOrientations = UIInterfaceOrientationPortrait;
				INFOPLIST_KEY_UISupportedInterfaceOrientations_iPad = "UIInterfaceOrientationLandscapeLeft UIInterfaceOrientationLandscapeRight UIInterfaceOrientationPortrait UIInterfaceOrientationPortraitUpsideDown";
				IPHONEOS_DEPLOYMENT_TARGET = 16.6;
				LD_RUNPATH_SEARCH_PATHS = (
					"$(inherited)",
					"@executable_path/Frameworks",
				);
				MARKETING_VERSION = 2.0;
				PRODUCT_BUNDLE_IDENTIFIER = com.davy.BigDayApp;
				PRODUCT_NAME = "$(TARGET_NAME)";
				SUPPORTED_PLATFORMS = "iphoneos iphonesimulator";
				SUPPORTS_MACCATALYST = NO;
				SUPPORTS_MAC_DESIGNED_FOR_IPHONE_IPAD = NO;
				SUPPORTS_XR_DESIGNED_FOR_IPHONE_IPAD = NO;
				SWIFT_EMIT_LOC_STRINGS = YES;
				SWIFT_VERSION = 5.0;
				TARGETED_DEVICE_FAMILY = 1;
			};
			name = Release;
		};
		F3CBE29A2DEE58D800D5BF2E /* Debug */ = {
			isa = XCBuildConfiguration;
			buildSettings = {
				ALWAYS_SEARCH_USER_PATHS = NO;
				ASSETCATALOG_COMPILER_GENERATE_SWIFT_ASSET_SYMBOL_EXTENSIONS = YES;
				CLANG_ANALYZER_NONNULL = YES;
				CLANG_ANALYZER_NUMBER_OBJECT_CONVERSION = YES_AGGRESSIVE;
				CLANG_CXX_LANGUAGE_STANDARD = "gnu++20";
				CLANG_ENABLE_MODULES = YES;
				CLANG_ENABLE_OBJC_ARC = YES;
				CLANG_ENABLE_OBJC_WEAK = YES;
				CLANG_WARN_BLOCK_CAPTURE_AUTORELEASING = YES;
				CLANG_WARN_BOOL_CONVERSION = YES;
				CLANG_WARN_COMMA = YES;
				CLANG_WARN_CONSTANT_CONVERSION = YES;
				CLANG_WARN_DEPRECATED_OBJC_IMPLEMENTATIONS = YES;
				CLANG_WARN_DIRECT_OBJC_ISA_USAGE = YES_ERROR;
				CLANG_WARN_DOCUMENTATION_COMMENTS = YES;
				CLANG_WARN_EMPTY_BODY = YES;
				CLANG_WARN_ENUM_CONVERSION = YES;
				CLANG_WARN_INFINITE_RECURSION = YES;
				CLANG_WARN_INT_CONVERSION = YES;
				CLANG_WARN_NON_LITERAL_NULL_CONVERSION = YES;
				CLANG_WARN_OBJC_IMPLICIT_RETAIN_SELF = YES;
				CLANG_WARN_OBJC_LITERAL_CONVERSION = YES;
				CLANG_WARN_OBJC_ROOT_CLASS = YES_ERROR;
				CLANG_WARN_QUOTED_INCLUDE_IN_FRAMEWORK_HEADER = YES;
				CLANG_WARN_RANGE_LOOP_ANALYSIS = YES;
				CLANG_WARN_STRICT_PROTOTYPES = YES;
				CLANG_WARN_SUSPICIOUS_MOVE = YES;
				CLANG_WARN_UNGUARDED_AVAILABILITY = YES_AGGRESSIVE;
				CLANG_WARN_UNREACHABLE_CODE = YES;
				CLANG_WARN__DUPLICATE_METHOD_MATCH = YES;
				COPY_PHASE_STRIP = NO;
				DEBUG_INFORMATION_FORMAT = dwarf;
				DEVELOPMENT_TEAM = 66TCY72KHF;
				ENABLE_STRICT_OBJC_MSGSEND = YES;
				ENABLE_TESTABILITY = YES;
				ENABLE_USER_SCRIPT_SANDBOXING = YES;
				GCC_C_LANGUAGE_STANDARD = gnu17;
				GCC_DYNAMIC_NO_PIC = NO;
				GCC_NO_COMMON_BLOCKS = YES;
				GCC_OPTIMIZATION_LEVEL = 0;
				GCC_PREPROCESSOR_DEFINITIONS = (
					"DEBUG=1",
					"$(inherited)",
				);
				GCC_WARN_64_TO_32_BIT_CONVERSION = YES;
				GCC_WARN_ABOUT_RETURN_TYPE = YES_ERROR;
				GCC_WARN_UNDECLARED_SELECTOR = YES;
				GCC_WARN_UNINITIALIZED_AUTOS = YES_AGGRESSIVE;
				GCC_WARN_UNUSED_FUNCTION = YES;
				GCC_WARN_UNUSED_VARIABLE = YES;
				IPHONEOS_DEPLOYMENT_TARGET = 18.5;
				LOCALIZATION_PREFERS_STRING_CATALOGS = YES;
				MTL_ENABLE_DEBUG_INFO = INCLUDE_SOURCE;
				MTL_FAST_MATH = YES;
				ONLY_ACTIVE_ARCH = YES;
				SDKROOT = iphoneos;
				SWIFT_ACTIVE_COMPILATION_CONDITIONS = "DEBUG $(inherited)";
				SWIFT_OPTIMIZATION_LEVEL = "-Onone";
			};
			name = Debug;
		};
		F3CBE29B2DEE58D800D5BF2E /* Release */ = {
			isa = XCBuildConfiguration;
			buildSettings = {
				ALWAYS_SEARCH_USER_PATHS = NO;
				ASSETCATALOG_COMPILER_GENERATE_SWIFT_ASSET_SYMBOL_EXTENSIONS = YES;
				CLANG_ANALYZER_NONNULL = YES;
				CLANG_ANALYZER_NUMBER_OBJECT_CONVERSION = YES_AGGRESSIVE;
				CLANG_CXX_LANGUAGE_STANDARD = "gnu++20";
				CLANG_ENABLE_MODULES = YES;
				CLANG_ENABLE_OBJC_ARC = YES;
				CLANG_ENABLE_OBJC_WEAK = YES;
				CLANG_WARN_BLOCK_CAPTURE_AUTORELEASING = YES;
				CLANG_WARN_BOOL_CONVERSION = YES;
				CLANG_WARN_COMMA = YES;
				CLANG_WARN_CONSTANT_CONVERSION = YES;
				CLANG_WARN_DEPRECATED_OBJC_IMPLEMENTATIONS = YES;
				CLANG_WARN_DIRECT_OBJC_ISA_USAGE = YES_ERROR;
				CLANG_WARN_DOCUMENTATION_COMMENTS = YES;
				CLANG_WARN_EMPTY_BODY = YES;
				CLANG_WARN_ENUM_CONVERSION = YES;
				CLANG_WARN_INFINITE_RECURSION = YES;
				CLANG_WARN_INT_CONVERSION = YES;
				CLANG_WARN_NON_LITERAL_NULL_CONVERSION = YES;
				CLANG_WARN_OBJC_IMPLICIT_RETAIN_SELF = YES;
				CLANG_WARN_OBJC_LITERAL_CONVERSION = YES;
				CLANG_WARN_OBJC_ROOT_CLASS = YES_ERROR;
				CLANG_WARN_QUOTED_INCLUDE_IN_FRAMEWORK_HEADER = YES;
				CLANG_WARN_RANGE_LOOP_ANALYSIS = YES;
				CLANG_WARN_STRICT_PROTOTYPES = YES;
				CLANG_WARN_SUSPICIOUS_MOVE = YES;
				CLANG_WARN_UNGUARDED_AVAILABILITY = YES_AGGRESSIVE;
				CLANG_WARN_UNREACHABLE_CODE = YES;
				CLANG_WARN__DUPLICATE_METHOD_MATCH = YES;
				COPY_PHASE_STRIP = NO;
				DEBUG_INFORMATION_FORMAT = "dwarf-with-dsym";
				DEVELOPMENT_TEAM = 66TCY72KHF;
				ENABLE_NS_ASSERTIONS = NO;
				ENABLE_STRICT_OBJC_MSGSEND = YES;
				ENABLE_USER_SCRIPT_SANDBOXING = YES;
				GCC_C_LANGUAGE_STANDARD = gnu17;
				GCC_NO_COMMON_BLOCKS = YES;
				GCC_WARN_64_TO_32_BIT_CONVERSION = YES;
				GCC_WARN_ABOUT_RETURN_TYPE = YES_ERROR;
				GCC_WARN_UNDECLARED_SELECTOR = YES;
				GCC_WARN_UNINITIALIZED_AUTOS = YES_AGGRESSIVE;
				GCC_WARN_UNUSED_FUNCTION = YES;
				GCC_WARN_UNUSED_VARIABLE = YES;
				IPHONEOS_DEPLOYMENT_TARGET = 18.5;
				LOCALIZATION_PREFERS_STRING_CATALOGS = YES;
				MTL_ENABLE_DEBUG_INFO = NO;
				MTL_FAST_MATH = YES;
				SDKROOT = iphoneos;
				SWIFT_COMPILATION_MODE = wholemodule;
				VALIDATE_PRODUCT = YES;
			};
			name = Release;
		};
		F3EFB3142E32E667003299B5 /* Debug */ = {
			isa = XCBuildConfiguration;
			buildSettings = {
				BUNDLE_LOADER = "$(TEST_HOST)";
				CODE_SIGN_STYLE = Automatic;
				CURRENT_PROJECT_VERSION = 1;
				DEVELOPMENT_TEAM = 66TCY72KHF;
				GENERATE_INFOPLIST_FILE = YES;
				MARKETING_VERSION = 1.0;
				PRODUCT_BUNDLE_IDENTIFIER = com.davy.BigDayAppTests;
				PRODUCT_NAME = "$(TARGET_NAME)";
				SUPPORTED_PLATFORMS = "iphoneos iphonesimulator";
				SUPPORTS_MACCATALYST = NO;
				SUPPORTS_MAC_DESIGNED_FOR_IPHONE_IPAD = NO;
				SUPPORTS_XR_DESIGNED_FOR_IPHONE_IPAD = NO;
				SWIFT_EMIT_LOC_STRINGS = NO;
				SWIFT_VERSION = 5.0;
				TARGETED_DEVICE_FAMILY = 1;
				TEST_HOST = "$(BUILT_PRODUCTS_DIR)/BigDayApp.app/$(BUNDLE_EXECUTABLE_FOLDER_PATH)/BigDayApp";
			};
			name = Debug;
		};
		F3EFB3152E32E667003299B5 /* Release */ = {
			isa = XCBuildConfiguration;
			buildSettings = {
				BUNDLE_LOADER = "$(TEST_HOST)";
				CODE_SIGN_STYLE = Automatic;
				CURRENT_PROJECT_VERSION = 1;
				DEVELOPMENT_TEAM = 66TCY72KHF;
				GENERATE_INFOPLIST_FILE = YES;
				MARKETING_VERSION = 1.0;
				PRODUCT_BUNDLE_IDENTIFIER = com.davy.BigDayAppTests;
				PRODUCT_NAME = "$(TARGET_NAME)";
				SUPPORTED_PLATFORMS = "iphoneos iphonesimulator";
				SUPPORTS_MACCATALYST = NO;
				SUPPORTS_MAC_DESIGNED_FOR_IPHONE_IPAD = NO;
				SUPPORTS_XR_DESIGNED_FOR_IPHONE_IPAD = NO;
				SWIFT_EMIT_LOC_STRINGS = NO;
				SWIFT_VERSION = 5.0;
				TARGETED_DEVICE_FAMILY = 1;
				TEST_HOST = "$(BUILT_PRODUCTS_DIR)/BigDayApp.app/$(BUNDLE_EXECUTABLE_FOLDER_PATH)/BigDayApp";
			};
			name = Release;
		};
/* End XCBuildConfiguration section */

/* Begin XCConfigurationList section */
		F3CBE27F2DEE58D500D5BF2E /* Build configuration list for PBXProject "BigDayApp" */ = {
			isa = XCConfigurationList;
			buildConfigurations = (
				F3CBE29A2DEE58D800D5BF2E /* Debug */,
				F3CBE29B2DEE58D800D5BF2E /* Release */,
			);
			defaultConfigurationIsVisible = 0;
			defaultConfigurationName = Release;
		};
		F3CBE2972DEE58D800D5BF2E /* Build configuration list for PBXNativeTarget "BigDayApp" */ = {
			isa = XCConfigurationList;
			buildConfigurations = (
				F3CBE2982DEE58D800D5BF2E /* Debug */,
				F3CBE2992DEE58D800D5BF2E /* Release */,
			);
			defaultConfigurationIsVisible = 0;
			defaultConfigurationName = Release;
		};
		F3EFB3162E32E667003299B5 /* Build configuration list for PBXNativeTarget "BigDayAppTests" */ = {
			isa = XCConfigurationList;
			buildConfigurations = (
				F3EFB3142E32E667003299B5 /* Debug */,
				F3EFB3152E32E667003299B5 /* Release */,
			);
			defaultConfigurationIsVisible = 0;
			defaultConfigurationName = Release;
		};
/* End XCConfigurationList section */

/* Begin XCRemoteSwiftPackageReference section */
		F31E23352E4D3B6200DB92D1 /* XCRemoteSwiftPackageReference "FSCalendar" */ = {
			isa = XCRemoteSwiftPackageReference;
			repositoryURL = "https://github.com/WenchaoD/FSCalendar";
			requirement = {
				kind = upToNextMajorVersion;
				minimumVersion = 2.8.4;
			};
		};
		F31E23382E4D3B7200DB92D1 /* XCRemoteSwiftPackageReference "TOCropViewController" */ = {
			isa = XCRemoteSwiftPackageReference;
			repositoryURL = "https://github.com/TimOliver/TOCropViewController.git";
			requirement = {
				kind = upToNextMajorVersion;
				minimumVersion = 2.7.4;
			};
		};
		F31E233D2E4D3BE000DB92D1 /* XCRemoteSwiftPackageReference "firebase-ios-sdk" */ = {
			isa = XCRemoteSwiftPackageReference;
			repositoryURL = "https://github.com/firebase/firebase-ios-sdk";
			requirement = {
				kind = upToNextMajorVersion;
				minimumVersion = 12.1.0;
			};
		};
/* End XCRemoteSwiftPackageReference section */

/* Begin XCSwiftPackageProductDependency section */
		F31E23362E4D3B6200DB92D1 /* FSCalendar */ = {
			isa = XCSwiftPackageProductDependency;
			package = F31E23352E4D3B6200DB92D1 /* XCRemoteSwiftPackageReference "FSCalendar" */;
			productName = FSCalendar;
		};
		F31E23392E4D3B7200DB92D1 /* CropViewController */ = {
			isa = XCSwiftPackageProductDependency;
			package = F31E23382E4D3B7200DB92D1 /* XCRemoteSwiftPackageReference "TOCropViewController" */;
			productName = CropViewController;
		};
		F31E233B2E4D3B7200DB92D1 /* TOCropViewController */ = {
			isa = XCSwiftPackageProductDependency;
			package = F31E23382E4D3B7200DB92D1 /* XCRemoteSwiftPackageReference "TOCropViewController" */;
			productName = TOCropViewController;
		};
		F31E233E2E4D3BE000DB92D1 /* FirebaseAnalytics */ = {
			isa = XCSwiftPackageProductDependency;
			package = F31E233D2E4D3BE000DB92D1 /* XCRemoteSwiftPackageReference "firebase-ios-sdk" */;
			productName = FirebaseAnalytics;
		};
		F31E23402E4D3BE000DB92D1 /* FirebaseAnalyticsCore */ = {
			isa = XCSwiftPackageProductDependency;
			package = F31E233D2E4D3BE000DB92D1 /* XCRemoteSwiftPackageReference "firebase-ios-sdk" */;
			productName = FirebaseAnalyticsCore;
		};
		F31E23422E4D3BE000DB92D1 /* FirebaseAuth */ = {
			isa = XCSwiftPackageProductDependency;
			package = F31E233D2E4D3BE000DB92D1 /* XCRemoteSwiftPackageReference "firebase-ios-sdk" */;
			productName = FirebaseAuth;
		};
		F31E23442E4D3BE000DB92D1 /* FirebaseCore */ = {
			isa = XCSwiftPackageProductDependency;
			package = F31E233D2E4D3BE000DB92D1 /* XCRemoteSwiftPackageReference "firebase-ios-sdk" */;
			productName = FirebaseCore;
		};
		F31E23462E4D3BE000DB92D1 /* FirebaseDatabase */ = {
			isa = XCSwiftPackageProductDependency;
			package = F31E233D2E4D3BE000DB92D1 /* XCRemoteSwiftPackageReference "firebase-ios-sdk" */;
			productName = FirebaseDatabase;
		};
		F31E23482E4D3BE000DB92D1 /* FirebaseStorage */ = {
			isa = XCSwiftPackageProductDependency;
			package = F31E233D2E4D3BE000DB92D1 /* XCRemoteSwiftPackageReference "firebase-ios-sdk" */;
			productName = FirebaseStorage;
		};
		F31E234A2E4D3C8600DB92D1 /* FirebaseFirestore */ = {
			isa = XCSwiftPackageProductDependency;
			package = F31E233D2E4D3BE000DB92D1 /* XCRemoteSwiftPackageReference "firebase-ios-sdk" */;
			productName = FirebaseFirestore;
		};
/* End XCSwiftPackageProductDependency section */
	};
	rootObject = F3CBE27C2DEE58D500D5BF2E /* Project object */;
}
